
Microsoft Visual Studio Solution File, Format Version 12.00
# Visual Studio 15
VisualStudioVersion = 15.0.27130.2027
MinimumVisualStudioVersion = 10.0.40219.1
Project("{8BC9CEB8-8B4A-11D0-8D11-00A0C91BC942}") = "branchtest", "branchtest\branchtest.vcxproj", "{1510AFC1-AC8E-4725-82FB-7ADE7792A60B}"
EndProject
Global
	GlobalSection(SolutionConfigurationPlatforms) = preSolution
		Debug|x64 = Debug|x64
		Debug|x86 = Debug|x86
		Release|x64 = Release|x64
		Release|x86 = Release|x86
	EndGlobalSection
	GlobalSection(ProjectConfigurationPlatforms) = postSolution
		{1510AFC1-AC8E-4725-82FB-7ADE7792A60B}.Debug|x64.ActiveCfg = Debug|x64
		{1510AFC1-AC8E-4725-82FB-7ADE7792A60B}.Debug|x64.Build.0 = Debug|x64
		{1510AFC1-AC8E-4725-82FB-7ADE7792A60B}.Debug|x86.ActiveCfg = Debug|Win32
		{1510AFC1-AC8E-4725-82FB-7ADE7792A60B}.Debug|x86.Build.0 = Debug|Win32
		{1510AFC1-AC8E-4725-82FB-7ADE7792A60B}.Release|x64.ActiveCfg = Release|x64
		{1510AFC1-AC8E-4725-82FB-7ADE7792A60B}.Release|x64.Build.0 = Release|x64
		{1510AFC1-AC8E-4725-82FB-7ADE7792A60B}.Release|x86.ActiveCfg = Release|Win32
		{1510AFC1-AC8E-4725-82FB-7ADE7792A60B}.Release|x86.Build.0 = Release|Win32
	EndGlobalSection
	GlobalSection(SolutionProperties) = preSolution
		HideSolutionNode = FALSE
	EndGlobalSection
	GlobalSection(ExtensibilityGlobals) = postSolution
		SolutionGuid = {F7617A0A-9BC3-41AB-BCD9-B33A0ABEA55B}
	EndGlobalSection
EndGlobal
